
Microsoft Visual Studio Solution File, Format Version 12.00
# Visual Studio 15
VisualStudioVersion = 15.0.28307.271
MinimumVisualStudioVersion = 10.0.40219.1
Project("{FAE04EC0-301F-11D3-BF4B-00C04F79EFBC}") = "InventoryManager", "InventoryManager\InventoryManager.csproj", "{BCE9C1A3-C257-4C59-BDF8-41A18D2D1155}"
EndProject
Global
	GlobalSection(SolutionConfigurationPlatforms) = preSolution
		Debug|Any CPU = Debug|Any CPU
		Release|Any CPU = Release|Any CPU
	EndGlobalSection
	GlobalSection(ProjectConfigurationPlatforms) = postSolution
		{BCE9C1A3-C257-4C59-BDF8-41A18D2D1155}.Debug|Any CPU.ActiveCfg = Debug|Any CPU
		{BCE9C1A3-C257-4C59-BDF8-41A18D2D1155}.Debug|Any CPU.Build.0 = Debug|Any CPU
		{BCE9C1A3-C257-4C59-BDF8-41A18D2D1155}.Release|Any CPU.ActiveCfg = Release|Any CPU
		{BCE9C1A3-C257-4C59-BDF8-41A18D2D1155}.Release|Any CPU.Build.0 = Release|Any CPU
	EndGlobalSection
	GlobalSection(SolutionProperties) = preSolution
		HideSolutionNode = FALSE
	EndGlobalSection
	GlobalSection(ExtensibilityGlobals) = postSolution
		SolutionGuid = {45866379-3E59-450A-84B9-FA663B3BBEF1}
	EndGlobalSection
EndGlobal
